
Microsoft Visual Studio Solution File, Format Version 12.00
# Visual Studio 15
VisualStudioVersion = 15.0.28307.572
MinimumVisualStudioVersion = 10.0.40219.1
Project("{FAE04EC0-301F-11D3-BF4B-00C04F79EFBC}") = "MachineryAPP", "MachineryAPP\MachineryAPP.csproj", "{AA99DB1B-DF7D-484A-A1CF-405477B55BAF}"
EndProject
Project("{FAE04EC0-301F-11D3-BF4B-00C04F79EFBC}") = "MachineryApp.Tests", "MachineryApp.Tests\MachineryApp.Tests.csproj", "{4E3AB0CC-A0FD-4339-AC43-9EBE9CA38D60}"
EndProject
Global
	GlobalSection(SolutionConfigurationPlatforms) = preSolution
		Debug|Any CPU = Debug|Any CPU
		Release|Any CPU = Release|Any CPU
	EndGlobalSection
	GlobalSection(ProjectConfigurationPlatforms) = postSolution
		{AA99DB1B-DF7D-484A-A1CF-405477B55BAF}.Debug|Any CPU.ActiveCfg = Debug|Any CPU
		{AA99DB1B-DF7D-484A-A1CF-405477B55BAF}.Debug|Any CPU.Build.0 = Debug|Any CPU
		{AA99DB1B-DF7D-484A-A1CF-405477B55BAF}.Release|Any CPU.ActiveCfg = Release|Any CPU
		{AA99DB1B-DF7D-484A-A1CF-405477B55BAF}.Release|Any CPU.Build.0 = Release|Any CPU
		{4E3AB0CC-A0FD-4339-AC43-9EBE9CA38D60}.Debug|Any CPU.ActiveCfg = Debug|Any CPU
		{4E3AB0CC-A0FD-4339-AC43-9EBE9CA38D60}.Debug|Any CPU.Build.0 = Debug|Any CPU
		{4E3AB0CC-A0FD-4339-AC43-9EBE9CA38D60}.Release|Any CPU.ActiveCfg = Release|Any CPU
		{4E3AB0CC-A0FD-4339-AC43-9EBE9CA38D60}.Release|Any CPU.Build.0 = Release|Any CPU
	EndGlobalSection
	GlobalSection(SolutionProperties) = preSolution
		HideSolutionNode = FALSE
	EndGlobalSection
	GlobalSection(ExtensibilityGlobals) = postSolution
		SolutionGuid = {6297DB1A-AD1B-464E-84BF-E52147D509A9}
	EndGlobalSection
EndGlobal
